
Microsoft Visual Studio Solution File, Format Version 12.00
# Visual Studio Version 16
VisualStudioVersion = 16.0.29709.97
MinimumVisualStudioVersion = 10.0.40219.1
Project("{FAE04EC0-301F-11D3-BF4B-00C04F79EFBC}") = "TestApplication", "TestApplication.csproj", "{61BB365C-FF8E-41E8-8413-C154411F00BC}"
EndProject
Global
	GlobalSection(SolutionConfigurationPlatforms) = preSolution
		Debug|Any CPU = Debug|Any CPU
		Release|Any CPU = Release|Any CPU
	EndGlobalSection
	GlobalSection(ProjectConfigurationPlatforms) = postSolution
		{61BB365C-FF8E-41E8-8413-C154411F00BC}.Debug|Any CPU.ActiveCfg = Debug|Any CPU
		{61BB365C-FF8E-41E8-8413-C154411F00BC}.Debug|Any CPU.Build.0 = Debug|Any CPU
		{61BB365C-FF8E-41E8-8413-C154411F00BC}.Release|Any CPU.ActiveCfg = Release|Any CPU
		{61BB365C-FF8E-41E8-8413-C154411F00BC}.Release|Any CPU.Build.0 = Release|Any CPU
	EndGlobalSection
	GlobalSection(SolutionProperties) = preSolution
		HideSolutionNode = FALSE
	EndGlobalSection
	GlobalSection(ExtensibilityGlobals) = postSolution
		SolutionGuid = {022FD5DA-525B-4F68-9A7D-A58DCCCE4F5D}
	EndGlobalSection
EndGlobal
